
Microsoft Visual Studio Solution File, Format Version 12.00
# Visual Studio 2013
VisualStudioVersion = 12.0.21005.1
MinimumVisualStudioVersion = 10.0.40219.1
Project("{F088123C-0E9E-452A-89E6-6BA2F21D5CAC}") = "Plane", "Plane\Plane.modelproj", "{874CBD97-16DA-4915-91F8-E140A01E686B}"
EndProject
Project("{FAE04EC0-301F-11D3-BF4B-00C04F79EFBC}") = "Xprema", "Xprema\Xprema.csproj", "{C267F24A-F60A-400B-861F-5DA4AB430100}"
EndProject
Project("{FAE04EC0-301F-11D3-BF4B-00C04F79EFBC}") = "ConsoleApplicationTest", "ConsoleApplicationTest\ConsoleApplicationTest.csproj", "{DFD632A9-38B1-4ECA-A6BA-84FFC6D9CD7B}"
EndProject
Global
	GlobalSection(SolutionConfigurationPlatforms) = preSolution
		Debug|Any CPU = Debug|Any CPU
		Release|Any CPU = Release|Any CPU
	EndGlobalSection
	GlobalSection(ProjectConfigurationPlatforms) = postSolution
		{874CBD97-16DA-4915-91F8-E140A01E686B}.Debug|Any CPU.ActiveCfg = Debug|Any CPU
		{874CBD97-16DA-4915-91F8-E140A01E686B}.Debug|Any CPU.Build.0 = Debug|Any CPU
		{874CBD97-16DA-4915-91F8-E140A01E686B}.Release|Any CPU.ActiveCfg = Release|Any CPU
		{874CBD97-16DA-4915-91F8-E140A01E686B}.Release|Any CPU.Build.0 = Release|Any CPU
		{C267F24A-F60A-400B-861F-5DA4AB430100}.Debug|Any CPU.ActiveCfg = Debug|Any CPU
		{C267F24A-F60A-400B-861F-5DA4AB430100}.Debug|Any CPU.Build.0 = Debug|Any CPU
		{C267F24A-F60A-400B-861F-5DA4AB430100}.Release|Any CPU.ActiveCfg = Release|Any CPU
		{C267F24A-F60A-400B-861F-5DA4AB430100}.Release|Any CPU.Build.0 = Release|Any CPU
		{DFD632A9-38B1-4ECA-A6BA-84FFC6D9CD7B}.Debug|Any CPU.ActiveCfg = Debug|Any CPU
		{DFD632A9-38B1-4ECA-A6BA-84FFC6D9CD7B}.Debug|Any CPU.Build.0 = Debug|Any CPU
		{DFD632A9-38B1-4ECA-A6BA-84FFC6D9CD7B}.Release|Any CPU.ActiveCfg = Release|Any CPU
		{DFD632A9-38B1-4ECA-A6BA-84FFC6D9CD7B}.Release|Any CPU.Build.0 = Release|Any CPU
	EndGlobalSection
	GlobalSection(SolutionProperties) = preSolution
		HideSolutionNode = FALSE
	EndGlobalSection
EndGlobal
